// !$*UTF8*$!
{
	archiveVersion = 1;
	classes = {
	};
	objectVersion = 56;
	objects = {

/* Begin PBXBuildFile section */
		CC5E0E8C2BECD229003CEB3E /* iCaloriesApp.swift in Sources */ = {isa = PBXBuildFile; fileRef = CC5E0E8B2BECD229003CEB3E /* iCaloriesApp.swift */; };
		CC5E0E8E2BECD229003CEB3E /* ContentView.swift in Sources */ = {isa = PBXBuildFile; fileRef = CC5E0E8D2BECD229003CEB3E /* ContentView.swift */; };
		CC5E0E902BECD22B003CEB3E /* Assets.xcassets in Resources */ = {isa = PBXBuildFile; fileRef = CC5E0E8F2BECD22B003CEB3E /* Assets.xcassets */; };
		CC5E0E932BECD22B003CEB3E /* Preview Assets.xcassets in Resources */ = {isa = PBXBuildFile; fileRef = CC5E0E922BECD22B003CEB3E /* Preview Assets.xcassets */; };
		CC5E0E9C2BECF983003CEB3E /* FoodModel.xcdatamodeld in Sources */ = {isa = PBXBuildFile; fileRef = CC5E0E9A2BECF983003CEB3E /* FoodModel.xcdatamodeld */; };
		CC5E0E9E2BECFA15003CEB3E /* DataController.swift in Sources */ = {isa = PBXBuildFile; fileRef = CC5E0E9D2BECFA15003CEB3E /* DataController.swift */; };
		CC5E0EA12BED02E8003CEB3E /* AddFoodView.swift in Sources */ = {isa = PBXBuildFile; fileRef = CC5E0EA02BED02E8003CEB3E /* AddFoodView.swift */; };
		CC5E0EA52BED03F6003CEB3E /* TimeFormatting.swift in Sources */ = {isa = PBXBuildFile; fileRef = CC5E0EA42BED03F6003CEB3E /* TimeFormatting.swift */; };
		CC5E0EA72BED0848003CEB3E /* EditFoodView.swift in Sources */ = {isa = PBXBuildFile; fileRef = CC5E0EA62BED0847003CEB3E /* EditFoodView.swift */; };
/* End PBXBuildFile section */

/* Begin PBXFileReference section */
		CC5E0E882BECD229003CEB3E /* iCalories.app */ = {isa = PBXFileReference; explicitFileType = wrapper.application; includeInIndex = 0; path = iCalories.app; sourceTree = BUILT_PRODUCTS_DIR; };
		CC5E0E8B2BECD229003CEB3E /* iCaloriesApp.swift */ = {isa = PBXFileReference; lastKnownFileType = sourcecode.swift; path = iCaloriesApp.swift; sourceTree = "<group>"; };
		CC5E0E8D2BECD229003CEB3E /* ContentView.swift */ = {isa = PBXFileReference; lastKnownFileType = sourcecode.swift; path = ContentView.swift; sourceTree = "<group>"; };
		CC5E0E8F2BECD22B003CEB3E /* Assets.xcassets */ = {isa = PBXFileReference; lastKnownFileType = folder.assetcatalog; path = Assets.xcassets; sourceTree = "<group>"; };
		CC5E0E922BECD22B003CEB3E /* Preview Assets.xcassets */ = {isa = PBXFileReference; lastKnownFileType = folder.assetcatalog; path = "Preview Assets.xcassets"; sourceTree = "<group>"; };
		CC5E0E9B2BECF983003CEB3E /* FoodModel.xcdatamodel */ = {isa = PBXFileReference; lastKnownFileType = wrapper.xcdatamodel; path = FoodModel.xcdatamodel; sourceTree = "<group>"; };
		CC5E0E9D2BECFA15003CEB3E /* DataController.swift */ = {isa = PBXFileReference; lastKnownFileType = sourcecode.swift; path = DataController.swift; sourceTree = "<group>"; };
		CC5E0EA02BED02E8003CEB3E /* AddFoodView.swift */ = {isa = PBXFileReference; lastKnownFileType = sourcecode.swift; path = AddFoodView.swift; sourceTree = "<group>"; };
		CC5E0EA42BED03F6003CEB3E /* TimeFormatting.swift */ = {isa = PBXFileReference; lastKnownFileType = sourcecode.swift; path = TimeFormatting.swift; sourceTree = "<group>"; };
		CC5E0EA62BED0847003CEB3E /* EditFoodView.swift */ = {isa = PBXFileReference; lastKnownFileType = sourcecode.swift; path = EditFoodView.swift; sourceTree = "<group>"; };
/* End PBXFileReference section */

/* Begin PBXFrameworksBuildPhase section */
		CC5E0E852BECD229003CEB3E /* Frameworks */ = {
			isa = PBXFrameworksBuildPhase;
			buildActionMask = 2147483647;
			files = (
			);
			runOnlyForDeploymentPostprocessing = 0;
		};
/* End PBXFrameworksBuildPhase section */

/* Begin PBXGroup section */
		CC5E0E7F2BECD229003CEB3E = {
			isa = PBXGroup;
			children = (
				CC5E0E8A2BECD229003CEB3E /* iCalories */,
				CC5E0E892BECD229003CEB3E /* Products */,
			);
			sourceTree = "<group>";
		};
		CC5E0E892BECD229003CEB3E /* Products */ = {
			isa = PBXGroup;
			children = (
				CC5E0E882BECD229003CEB3E /* iCalories.app */,
			);
			name = Products;
			sourceTree = "<group>";
		};
		CC5E0E8A2BECD229003CEB3E /* iCalories */ = {
			isa = PBXGroup;
			children = (
				CC5E0EA32BED03EA003CEB3E /* Helpers */,
				CC5E0E8B2BECD229003CEB3E /* iCaloriesApp.swift */,
				CC5E0E9F2BED02C1003CEB3E /* Views */,
				CC5E0E992BECF970003CEB3E /* DataModel */,
				CC5E0E8F2BECD22B003CEB3E /* Assets.xcassets */,
				CC5E0E912BECD22B003CEB3E /* Preview Content */,
			);
			path = iCalories;
			sourceTree = "<group>";
		};
		CC5E0E912BECD22B003CEB3E /* Preview Content */ = {
			isa = PBXGroup;
			children = (
				CC5E0E922BECD22B003CEB3E /* Preview Assets.xcassets */,
			);
			path = "Preview Content";
			sourceTree = "<group>";
		};
		CC5E0E992BECF970003CEB3E /* DataModel */ = {
			isa = PBXGroup;
			children = (
				CC5E0E9A2BECF983003CEB3E /* FoodModel.xcdatamodeld */,
				CC5E0E9D2BECFA15003CEB3E /* DataController.swift */,
			);
			path = DataModel;
			sourceTree = "<group>";
		};
		CC5E0E9F2BED02C1003CEB3E /* Views */ = {
			isa = PBXGroup;
			children = (
				CC5E0E8D2BECD229003CEB3E /* ContentView.swift */,
				CC5E0EA02BED02E8003CEB3E /* AddFoodView.swift */,
				CC5E0EA62BED0847003CEB3E /* EditFoodView.swift */,
			);
			path = Views;
			sourceTree = "<group>";
		};
		CC5E0EA32BED03EA003CEB3E /* Helpers */ = {
			isa = PBXGroup;
			children = (
				CC5E0EA42BED03F6003CEB3E /* TimeFormatting.swift */,
			);
			path = Helpers;
			sourceTree = "<group>";
		};
/* End PBXGroup section */

/* Begin PBXNativeTarget section */
		CC5E0E872BECD229003CEB3E /* iCalories */ = {
			isa = PBXNativeTarget;
			buildConfigurationList = CC5E0E962BECD22B003CEB3E /* Build configuration list for PBXNativeTarget "iCalories" */;
			buildPhases = (
				CC5E0E842BECD229003CEB3E /* Sources */,
				CC5E0E852BECD229003CEB3E /* Frameworks */,
				CC5E0E862BECD229003CEB3E /* Resources */,
			);
			buildRules = (
			);
			dependencies = (
			);
			name = iCalories;
			productName = iCalories;
			productReference = CC5E0E882BECD229003CEB3E /* iCalories.app */;
			productType = "com.apple.product-type.application";
		};
/* End PBXNativeTarget section */

/* Begin PBXProject section */
		CC5E0E802BECD229003CEB3E /* Project object */ = {
			isa = PBXProject;
			attributes = {
				BuildIndependentTargetsInParallel = 1;
				LastSwiftUpdateCheck = 1530;
				LastUpgradeCheck = 1530;
				TargetAttributes = {
					CC5E0E872BECD229003CEB3E = {
						CreatedOnToolsVersion = 15.3;
					};
				};
			};
			buildConfigurationList = CC5E0E832BECD229003CEB3E /* Build configuration list for PBXProject "iCalories" */;
			compatibilityVersion = "Xcode 14.0";
			developmentRegion = en;
			hasScannedForEncodings = 0;
			knownRegions = (
				en,
				Base,
			);
			mainGroup = CC5E0E7F2BECD229003CEB3E;
			productRefGroup = CC5E0E892BECD229003CEB3E /* Products */;
			projectDirPath = "";
			projectRoot = "";
			targets = (
				CC5E0E872BECD229003CEB3E /* iCalories */,
			);
		};
/* End PBXProject section */

/* Begin PBXResourcesBuildPhase section */
		CC5E0E862BECD229003CEB3E /* Resources */ = {
			isa = PBXResourcesBuildPhase;
			buildActionMask = 2147483647;
			files = (
				CC5E0E932BECD22B003CEB3E /* Preview Assets.xcassets in Resources */,
				CC5E0E902BECD22B003CEB3E /* Assets.xcassets in Resources */,
			);
			runOnlyForDeploymentPostprocessing = 0;
		};
/* End PBXResourcesBuildPhase section */

/* Begin PBXSourcesBuildPhase section */
		CC5E0E842BECD229003CEB3E /* Sources */ = {
			isa = PBXSourcesBuildPhase;
			buildActionMask = 2147483647;
			files = (
				CC5E0EA12BED02E8003CEB3E /* AddFoodView.swift in Sources */,
				CC5E0E8E2BECD229003CEB3E /* ContentView.swift in Sources */,
				CC5E0E9E2BECFA15003CEB3E /* DataController.swift in Sources */,
				CC5E0E8C2BECD229003CEB3E /* iCaloriesApp.swift in Sources */,
				CC5E0E9C2BECF983003CEB3E /* FoodModel.xcdatamodeld in Sources */,
				CC5E0EA72BED0848003CEB3E /* EditFoodView.swift in Sources */,
				CC5E0EA52BED03F6003CEB3E /* TimeFormatting.swift in Sources */,
			);
			runOnlyForDeploymentPostprocessing = 0;
		};
/* End PBXSourcesBuildPhase section */

/* Begin XCBuildConfiguration section */
		CC5E0E942BECD22B003CEB3E /* Debug */ = {
			isa = XCBuildConfiguration;
			buildSettings = {
				ALWAYS_SEARCH_USER_PATHS = NO;
				ASSETCATALOG_COMPILER_GENERATE_SWIFT_ASSET_SYMBOL_EXTENSIONS = YES;
				CLANG_ANALYZER_NONNULL = YES;
				CLANG_ANALYZER_NUMBER_OBJECT_CONVERSION = YES_AGGRESSIVE;
				CLANG_CXX_LANGUAGE_STANDARD = "gnu++20";
				CLANG_ENABLE_MODULES = YES;
				CLANG_ENABLE_OBJC_ARC = YES;
				CLANG_ENABLE_OBJC_WEAK = YES;
				CLANG_WARN_BLOCK_CAPTURE_AUTORELEASING = YES;
				CLANG_WARN_BOOL_CONVERSION = YES;
				CLANG_WARN_COMMA = YES;
				CLANG_WARN_CONSTANT_CONVERSION = YES;
				CLANG_WARN_DEPRECATED_OBJC_IMPLEMENTATIONS = YES;
				CLANG_WARN_DIRECT_OBJC_ISA_USAGE = YES_ERROR;
				CLANG_WARN_DOCUMENTATION_COMMENTS = YES;
				CLANG_WARN_EMPTY_BODY = YES;
				CLANG_WARN_ENUM_CONVERSION = YES;
				CLANG_WARN_INFINITE_RECURSION = YES;
				CLANG_WARN_INT_CONVERSION = YES;
				CLANG_WARN_NON_LITERAL_NULL_CONVERSION = YES;
				CLANG_WARN_OBJC_IMPLICIT_RETAIN_SELF = YES;
				CLANG_WARN_OBJC_LITERAL_CONVERSION = YES;
				CLANG_WARN_OBJC_ROOT_CLASS = YES_ERROR;
				CLANG_WARN_QUOTED_INCLUDE_IN_FRAMEWORK_HEADER = YES;
				CLANG_WARN_RANGE_LOOP_ANALYSIS = YES;
				CLANG_WARN_STRICT_PROTOTYPES = YES;
				CLANG_WARN_SUSPICIOUS_MOVE = YES;
				CLANG_WARN_UNGUARDED_AVAILABILITY = YES_AGGRESSIVE;
				CLANG_WARN_UNREACHABLE_CODE = YES;
				CLANG_WARN__DUPLICATE_METHOD_MATCH = YES;
				COPY_PHASE_STRIP = NO;
				DEBUG_INFORMATION_FORMAT = dwarf;
				ENABLE_STRICT_OBJC_MSGSEND = YES;
				ENABLE_TESTABILITY = YES;
				ENABLE_USER_SCRIPT_SANDBOXING = YES;
				GCC_C_LANGUAGE_STANDARD = gnu17;
				GCC_DYNAMIC_NO_PIC = NO;
				GCC_NO_COMMON_BLOCKS = YES;
				GCC_OPTIMIZATION_LEVEL = 0;
				GCC_PREPROCESSOR_DEFINITIONS = (
					"DEBUG=1",
					"$(inherited)",
				);
				GCC_WARN_64_TO_32_BIT_CONVERSION = YES;
				GCC_WARN_ABOUT_RETURN_TYPE = YES_ERROR;
				GCC_WARN_UNDECLARED_SELECTOR = YES;
				GCC_WARN_UNINITIALIZED_AUTOS = YES_AGGRESSIVE;
				GCC_WARN_UNUSED_FUNCTION = YES;
				GCC_WARN_UNUSED_VARIABLE = YES;
				IPHONEOS_DEPLOYMENT_TARGET = 17.4;
				LOCALIZATION_PREFERS_STRING_CATALOGS = YES;
				MTL_ENABLE_DEBUG_INFO = INCLUDE_SOURCE;
				MTL_FAST_MATH = YES;
				ONLY_ACTIVE_ARCH = YES;
				SDKROOT = iphoneos;
				SWIFT_ACTIVE_COMPILATION_CONDITIONS = "DEBUG $(inherited)";
				SWIFT_OPTIMIZATION_LEVEL = "-Onone";
			};
			name = Debug;
		};
		CC5E0E952BECD22B003CEB3E /* Release */ = {
			isa = XCBuildConfiguration;
			buildSettings = {
				ALWAYS_SEARCH_USER_PATHS = NO;
				ASSETCATALOG_COMPILER_GENERATE_SWIFT_ASSET_SYMBOL_EXTENSIONS = YES;
				CLANG_ANALYZER_NONNULL = YES;
				CLANG_ANALYZER_NUMBER_OBJECT_CONVERSION = YES_AGGRESSIVE;
				CLANG_CXX_LANGUAGE_STANDARD = "gnu++20";
				CLANG_ENABLE_MODULES = YES;
				CLANG_ENABLE_OBJC_ARC = YES;
				CLANG_ENABLE_OBJC_WEAK = YES;
				CLANG_WARN_BLOCK_CAPTURE_AUTORELEASING = YES;
				CLANG_WARN_BOOL_CONVERSION = YES;
				CLANG_WARN_COMMA = YES;
				CLANG_WARN_CONSTANT_CONVERSION = YES;
				CLANG_WARN_DEPRECATED_OBJC_IMPLEMENTATIONS = YES;
				CLANG_WARN_DIRECT_OBJC_ISA_USAGE = YES_ERROR;
				CLANG_WARN_DOCUMENTATION_COMMENTS = YES;
				CLANG_WARN_EMPTY_BODY = YES;
				CLANG_WARN_ENUM_CONVERSION = YES;
				CLANG_WARN_INFINITE_RECURSION = YES;
				CLANG_WARN_INT_CONVERSION = YES;
				CLANG_WARN_NON_LITERAL_NULL_CONVERSION = YES;
				CLANG_WARN_OBJC_IMPLICIT_RETAIN_SELF = YES;
				CLANG_WARN_OBJC_LITERAL_CONVERSION = YES;
				CLANG_WARN_OBJC_ROOT_CLASS = YES_ERROR;
				CLANG_WARN_QUOTED_INCLUDE_IN_FRAMEWORK_HEADER = YES;
				CLANG_WARN_RANGE_LOOP_ANALYSIS = YES;
				CLANG_WARN_STRICT_PROTOTYPES = YES;
				CLANG_WARN_SUSPICIOUS_MOVE = YES;
				CLANG_WARN_UNGUARDED_AVAILABILITY = YES_AGGRESSIVE;
				CLANG_WARN_UNREACHABLE_CODE = YES;
				CLANG_WARN__DUPLICATE_METHOD_MATCH = YES;
				COPY_PHASE_STRIP = NO;
				DEBUG_INFORMATION_FORMAT = "dwarf-with-dsym";
				ENABLE_NS_ASSERTIONS = NO;
				ENABLE_STRICT_OBJC_MSGSEND = YES;
				ENABLE_USER_SCRIPT_SANDBOXING = YES;
				GCC_C_LANGUAGE_STANDARD = gnu17;
				GCC_NO_COMMON_BLOCKS = YES;
				GCC_WARN_64_TO_32_BIT_CONVERSION = YES;
				GCC_WARN_ABOUT_RETURN_TYPE = YES_ERROR;
				GCC_WARN_UNDECLARED_SELECTOR = YES;
				GCC_WARN_UNINITIALIZED_AUTOS = YES_AGGRESSIVE;
				GCC_WARN_UNUSED_FUNCTION = YES;
				GCC_WARN_UNUSED_VARIABLE = YES;
				IPHONEOS_DEPLOYMENT_TARGET = 17.4;
				LOCALIZATION_PREFERS_STRING_CATALOGS = YES;
				MTL_ENABLE_DEBUG_INFO = NO;
				MTL_FAST_MATH = YES;
				SDKROOT = iphoneos;
				SWIFT_COMPILATION_MODE = wholemodule;
				VALIDATE_PRODUCT = YES;
			};
			name = Release;
		};
		CC5E0E972BECD22B003CEB3E /* Debug */ = {
			isa = XCBuildConfiguration;
			buildSettings = {
				ASSETCATALOG_COMPILER_APPICON_NAME = AppIcon;
				ASSETCATALOG_COMPILER_GLOBAL_ACCENT_COLOR_NAME = AccentColor;
				CODE_SIGN_STYLE = Automatic;
				CURRENT_PROJECT_VERSION = 1;
				DEVELOPMENT_ASSET_PATHS = "\"iCalories/Preview Content\"";
				DEVELOPMENT_TEAM = 792SAN8W5Y;
				ENABLE_PREVIEWS = YES;
				GENERATE_INFOPLIST_FILE = YES;
				INFOPLIST_KEY_UIApplicationSceneManifest_Generation = YES;
				INFOPLIST_KEY_UIApplicationSupportsIndirectInputEvents = YES;
				INFOPLIST_KEY_UILaunchScreen_Generation = YES;
				INFOPLIST_KEY_UISupportedInterfaceOrientations_iPad = "UIInterfaceOrientationPortrait UIInterfaceOrientationPortraitUpsideDown UIInterfaceOrientationLandscapeLeft UIInterfaceOrientationLandscapeRight";
				INFOPLIST_KEY_UISupportedInterfaceOrientations_iPhone = "UIInterfaceOrientationPortrait UIInterfaceOrientationLandscapeLeft UIInterfaceOrientationLandscapeRight";
				LD_RUNPATH_SEARCH_PATHS = (
					"$(inherited)",
					"@executable_path/Frameworks",
				);
				MARKETING_VERSION = 1.0;
				PRODUCT_BUNDLE_IDENTIFIER = krishmittal.iCalories;
				PRODUCT_NAME = "$(TARGET_NAME)";
				SWIFT_EMIT_LOC_STRINGS = YES;
				SWIFT_VERSION = 5.0;
				TARGETED_DEVICE_FAMILY = "1,2";
			};
			name = Debug;
		};
		CC5E0E982BECD22B003CEB3E /* Release */ = {
			isa = XCBuildConfiguration;
			buildSettings = {
				ASSETCATALOG_COMPILER_APPICON_NAME = AppIcon;
				ASSETCATALOG_COMPILER_GLOBAL_ACCENT_COLOR_NAME = AccentColor;
				CODE_SIGN_STYLE = Automatic;
				CURRENT_PROJECT_VERSION = 1;
				DEVELOPMENT_ASSET_PATHS = "\"iCalories/Preview Content\"";
				DEVELOPMENT_TEAM = 792SAN8W5Y;
				ENABLE_PREVIEWS = YES;
				GENERATE_INFOPLIST_FILE = YES;
				INFOPLIST_KEY_UIApplicationSceneManifest_Generation = YES;
				INFOPLIST_KEY_UIApplicationSupportsIndirectInputEvents = YES;
				INFOPLIST_KEY_UILaunchScreen_Generation = YES;
				INFOPLIST_KEY_UISupportedInterfaceOrientations_iPad = "UIInterfaceOrientationPortrait UIInterfaceOrientationPortraitUpsideDown UIInterfaceOrientationLandscapeLeft UIInterfaceOrientationLandscapeRight";
				INFOPLIST_KEY_UISupportedInterfaceOrientations_iPhone = "UIInterfaceOrientationPortrait UIInterfaceOrientationLandscapeLeft UIInterfaceOrientationLandscapeRight";
				LD_RUNPATH_SEARCH_PATHS = (
					"$(inherited)",
					"@executable_path/Frameworks",
				);
				MARKETING_VERSION = 1.0;
				PRODUCT_BUNDLE_IDENTIFIER = krishmittal.iCalories;
				PRODUCT_NAME = "$(TARGET_NAME)";
				SWIFT_EMIT_LOC_STRINGS = YES;
				SWIFT_VERSION = 5.0;
				TARGETED_DEVICE_FAMILY = "1,2";
			};
			name = Release;
		};
/* End XCBuildConfiguration section */

/* Begin XCConfigurationList section */
		CC5E0E832BECD229003CEB3E /* Build configuration list for PBXProject "iCalories" */ = {
			isa = XCConfigurationList;
			buildConfigurations = (
				CC5E0E942BECD22B003CEB3E /* Debug */,
				CC5E0E952BECD22B003CEB3E /* Release */,
			);
			defaultConfigurationIsVisible = 0;
			defaultConfigurationName = Release;
		};
		CC5E0E962BECD22B003CEB3E /* Build configuration list for PBXNativeTarget "iCalories" */ = {
			isa = XCConfigurationList;
			buildConfigurations = (
				CC5E0E972BECD22B003CEB3E /* Debug */,
				CC5E0E982BECD22B003CEB3E /* Release */,
			);
			defaultConfigurationIsVisible = 0;
			defaultConfigurationName = Release;
		};
/* End XCConfigurationList section */

/* Begin XCVersionGroup section */
		CC5E0E9A2BECF983003CEB3E /* FoodModel.xcdatamodeld */ = {
			isa = XCVersionGroup;
			children = (
				CC5E0E9B2BECF983003CEB3E /* FoodModel.xcdatamodel */,
			);
			currentVersion = CC5E0E9B2BECF983003CEB3E /* FoodModel.xcdatamodel */;
			name = FoodModel.xcdatamodeld;
			path = /Applications/dev/Swift/iCalories/iCalories/DataModel/FoodModel.xcdatamodeld;
			sourceTree = "<group>";
			versionGroupType = wrapper.xcdatamodel;
		};
/* End XCVersionGroup section */
	};
	rootObject = CC5E0E802BECD229003CEB3E /* Project object */;
}
